
Microsoft Visual Studio Solution File, Format Version 12.00
# Visual Studio Version 17
VisualStudioVersion = 17.5.33424.131
MinimumVisualStudioVersion = 10.0.40219.1
Project("{9A19103F-16F7-4668-BE54-9A1E7A4F7556}") = "BulkyBookWeb", "BulkyBookWeb\BulkyBookWeb.csproj", "{F1DD4043-6E28-4587-A665-FC58A0C210B8}"
EndProject
Project("{FAE04EC0-301F-11D3-BF4B-00C04F79EFBC}") = "BulkyBook.DataAccess", "BulkyBook.DataAccess\BulkyBook.DataAccess.csproj", "{33FA498F-4724-4356-AE01-624119B64899}"
EndProject
Project("{FAE04EC0-301F-11D3-BF4B-00C04F79EFBC}") = "BulkyBook.Models", "BulkyBook.Models\BulkyBook.Models.csproj", "{D94E8007-7B06-4789-A9F6-F859ECA2CC87}"
EndProject
Project("{FAE04EC0-301F-11D3-BF4B-00C04F79EFBC}") = "BulkyBook.Utility", "BulkyBook.Utility\BulkyBook.Utility.csproj", "{D498A59E-DEE6-4E13-B0A0-85586EB5FC42}"
EndProject
Global
	GlobalSection(SolutionConfigurationPlatforms) = preSolution
		Debug|Any CPU = Debug|Any CPU
		Release|Any CPU = Release|Any CPU
	EndGlobalSection
	GlobalSection(ProjectConfigurationPlatforms) = postSolution
		{F1DD4043-6E28-4587-A665-FC58A0C210B8}.Debug|Any CPU.ActiveCfg = Debug|Any CPU
		{F1DD4043-6E28-4587-A665-FC58A0C210B8}.Debug|Any CPU.Build.0 = Debug|Any CPU
		{F1DD4043-6E28-4587-A665-FC58A0C210B8}.Release|Any CPU.ActiveCfg = Release|Any CPU
		{F1DD4043-6E28-4587-A665-FC58A0C210B8}.Release|Any CPU.Build.0 = Release|Any CPU
		{33FA498F-4724-4356-AE01-624119B64899}.Debug|Any CPU.ActiveCfg = Debug|Any CPU
		{33FA498F-4724-4356-AE01-624119B64899}.Debug|Any CPU.Build.0 = Debug|Any CPU
		{33FA498F-4724-4356-AE01-624119B64899}.Release|Any CPU.ActiveCfg = Release|Any CPU
		{33FA498F-4724-4356-AE01-624119B64899}.Release|Any CPU.Build.0 = Release|Any CPU
		{D94E8007-7B06-4789-A9F6-F859ECA2CC87}.Debug|Any CPU.ActiveCfg = Debug|Any CPU
		{D94E8007-7B06-4789-A9F6-F859ECA2CC87}.Debug|Any CPU.Build.0 = Debug|Any CPU
		{D94E8007-7B06-4789-A9F6-F859ECA2CC87}.Release|Any CPU.ActiveCfg = Release|Any CPU
		{D94E8007-7B06-4789-A9F6-F859ECA2CC87}.Release|Any CPU.Build.0 = Release|Any CPU
		{D498A59E-DEE6-4E13-B0A0-85586EB5FC42}.Debug|Any CPU.ActiveCfg = Debug|Any CPU
		{D498A59E-DEE6-4E13-B0A0-85586EB5FC42}.Debug|Any CPU.Build.0 = Debug|Any CPU
		{D498A59E-DEE6-4E13-B0A0-85586EB5FC42}.Release|Any CPU.ActiveCfg = Release|Any CPU
		{D498A59E-DEE6-4E13-B0A0-85586EB5FC42}.Release|Any CPU.Build.0 = Release|Any CPU
	EndGlobalSection
	GlobalSection(SolutionProperties) = preSolution
		HideSolutionNode = FALSE
	EndGlobalSection
	GlobalSection(ExtensibilityGlobals) = postSolution
		SolutionGuid = {2CFABB4A-FC3E-42A1-A773-2E8273CA389F}
	EndGlobalSection
EndGlobal
